
Microsoft Visual Studio Solution File, Format Version 12.00
# Visual Studio Version 16
VisualStudioVersion = 16.0.30320.27
MinimumVisualStudioVersion = 10.0.40219.1
Project("{FAE04EC0-301F-11D3-BF4B-00C04F79EFBC}") = "Revit_HelloWorld", "RevitDifFolder\Revit_HelloWorld.csproj", "{54C50D49-6142-4BE2-8F8E-46013EA4F77A}"
EndProject
Project("{FAE04EC0-301F-11D3-BF4B-00C04F79EFBC}") = "Revit_FilterModelFilter", "Revit_FilterModelFilter\Revit_FilterModelFilter.csproj", "{B989D633-B9F5-430F-AA90-8D192B34AA97}"
EndProject
Project("{FAE04EC0-301F-11D3-BF4B-00C04F79EFBC}") = "Revit_CreatFamilyInstance", "Revit_CreatFamilyInstance\Revit_CreatFamilyInstance.csproj", "{D3CA7628-9DAC-48A2-8709-40E2EF137FAF}"
EndProject
Project("{FAE04EC0-301F-11D3-BF4B-00C04F79EFBC}") = "Unit conversion", "Unit conversion\Unit conversion.csproj", "{AF6C257D-9687-414A-96B4-F9B44BCBCAFC}"
EndProject
Project("{FAE04EC0-301F-11D3-BF4B-00C04F79EFBC}") = "Revit_RibbonUI", "Revit_RibbonUI\Revit_RibbonUI.csproj", "{350A7DD9-81E9-4342-A316-AB3BB66028D2}"
EndProject
Project("{FAE04EC0-301F-11D3-BF4B-00C04F79EFBC}") = "Revit_WPF", "Revit_WPF\Revit_WPF.csproj", "{D4D7818B-1CD1-4E1A-B4E1-2E8C21C171A2}"
EndProject
Global
	GlobalSection(SolutionConfigurationPlatforms) = preSolution
		Debug|Any CPU = Debug|Any CPU
		Release|Any CPU = Release|Any CPU
	EndGlobalSection
	GlobalSection(ProjectConfigurationPlatforms) = postSolution
		{54C50D49-6142-4BE2-8F8E-46013EA4F77A}.Debug|Any CPU.ActiveCfg = Debug|Any CPU
		{54C50D49-6142-4BE2-8F8E-46013EA4F77A}.Debug|Any CPU.Build.0 = Debug|Any CPU
		{54C50D49-6142-4BE2-8F8E-46013EA4F77A}.Release|Any CPU.ActiveCfg = Release|Any CPU
		{54C50D49-6142-4BE2-8F8E-46013EA4F77A}.Release|Any CPU.Build.0 = Release|Any CPU
		{B989D633-B9F5-430F-AA90-8D192B34AA97}.Debug|Any CPU.ActiveCfg = Debug|Any CPU
		{B989D633-B9F5-430F-AA90-8D192B34AA97}.Debug|Any CPU.Build.0 = Debug|Any CPU
		{B989D633-B9F5-430F-AA90-8D192B34AA97}.Release|Any CPU.ActiveCfg = Release|Any CPU
		{B989D633-B9F5-430F-AA90-8D192B34AA97}.Release|Any CPU.Build.0 = Release|Any CPU
		{D3CA7628-9DAC-48A2-8709-40E2EF137FAF}.Debug|Any CPU.ActiveCfg = Debug|Any CPU
		{D3CA7628-9DAC-48A2-8709-40E2EF137FAF}.Debug|Any CPU.Build.0 = Debug|Any CPU
		{D3CA7628-9DAC-48A2-8709-40E2EF137FAF}.Release|Any CPU.ActiveCfg = Release|Any CPU
		{D3CA7628-9DAC-48A2-8709-40E2EF137FAF}.Release|Any CPU.Build.0 = Release|Any CPU
		{AF6C257D-9687-414A-96B4-F9B44BCBCAFC}.Debug|Any CPU.ActiveCfg = Debug|Any CPU
		{AF6C257D-9687-414A-96B4-F9B44BCBCAFC}.Debug|Any CPU.Build.0 = Debug|Any CPU
		{AF6C257D-9687-414A-96B4-F9B44BCBCAFC}.Release|Any CPU.ActiveCfg = Release|Any CPU
		{AF6C257D-9687-414A-96B4-F9B44BCBCAFC}.Release|Any CPU.Build.0 = Release|Any CPU
		{350A7DD9-81E9-4342-A316-AB3BB66028D2}.Debug|Any CPU.ActiveCfg = Debug|Any CPU
		{350A7DD9-81E9-4342-A316-AB3BB66028D2}.Debug|Any CPU.Build.0 = Debug|Any CPU
		{350A7DD9-81E9-4342-A316-AB3BB66028D2}.Release|Any CPU.ActiveCfg = Release|Any CPU
		{350A7DD9-81E9-4342-A316-AB3BB66028D2}.Release|Any CPU.Build.0 = Release|Any CPU
		{D4D7818B-1CD1-4E1A-B4E1-2E8C21C171A2}.Debug|Any CPU.ActiveCfg = Debug|Any CPU
		{D4D7818B-1CD1-4E1A-B4E1-2E8C21C171A2}.Debug|Any CPU.Build.0 = Debug|Any CPU
		{D4D7818B-1CD1-4E1A-B4E1-2E8C21C171A2}.Release|Any CPU.ActiveCfg = Release|Any CPU
		{D4D7818B-1CD1-4E1A-B4E1-2E8C21C171A2}.Release|Any CPU.Build.0 = Release|Any CPU
	EndGlobalSection
	GlobalSection(SolutionProperties) = preSolution
		HideSolutionNode = FALSE
	EndGlobalSection
	GlobalSection(ExtensibilityGlobals) = postSolution
		SolutionGuid = {DFE0640B-E1BB-4620-8D52-1D59930F129A}
	EndGlobalSection
EndGlobal
